// !$*UTF8*$!
{
	archiveVersion = 1;
	classes = {
	};
	objectVersion = 46;
	objects = {

/* Begin PBXBuildFile section */
		2506B15719A40FE600481F30 /* DTIAnimWanderingCubes.swift in Sources */ = {isa = PBXBuildFile; fileRef = 2506B15619A40FE600481F30 /* DTIAnimWanderingCubes.swift */; };
		256F8304199E364A00F38D77 /* main.m in Sources */ = {isa = PBXBuildFile; fileRef = 256F8303199E364A00F38D77 /* main.m */; };
		256F8307199E364A00F38D77 /* AppDelegate.m in Sources */ = {isa = PBXBuildFile; fileRef = 256F8306199E364A00F38D77 /* AppDelegate.m */; };
		256F830A199E364A00F38D77 /* ViewController.m in Sources */ = {isa = PBXBuildFile; fileRef = 256F8309199E364A00F38D77 /* ViewController.m */; };
		256F830D199E364A00F38D77 /* Main.storyboard in Resources */ = {isa = PBXBuildFile; fileRef = 256F830B199E364A00F38D77 /* Main.storyboard */; };
		256F830F199E364A00F38D77 /* Images.xcassets in Resources */ = {isa = PBXBuildFile; fileRef = 256F830E199E364A00F38D77 /* Images.xcassets */; };
		256F831B199E364B00F38D77 /* SampleObjcTests.m in Sources */ = {isa = PBXBuildFile; fileRef = 256F831A199E364B00F38D77 /* SampleObjcTests.m */; };
		256F832A199E36CD00F38D77 /* DTIActivityIndicatorView.swift in Sources */ = {isa = PBXBuildFile; fileRef = 256F8326199E36CD00F38D77 /* DTIActivityIndicatorView.swift */; };
		256F832B199E36CD00F38D77 /* DTIAnimChasingDots.swift in Sources */ = {isa = PBXBuildFile; fileRef = 256F8327199E36CD00F38D77 /* DTIAnimChasingDots.swift */; };
		256F832C199E36CD00F38D77 /* DTIAnimProtocol.swift in Sources */ = {isa = PBXBuildFile; fileRef = 256F8328199E36CD00F38D77 /* DTIAnimProtocol.swift */; };
		256F832D199E36CD00F38D77 /* DTIAnimRotatingPlane.swift in Sources */ = {isa = PBXBuildFile; fileRef = 256F8329199E36CD00F38D77 /* DTIAnimRotatingPlane.swift */; };
		256F8330199E45EC00F38D77 /* ContentVc.m in Sources */ = {isa = PBXBuildFile; fileRef = 256F832F199E45EC00F38D77 /* ContentVc.m */; };
		256F8336199E4C6600F38D77 /* UIColor+DTI.m in Sources */ = {isa = PBXBuildFile; fileRef = 256F8335199E4C6600F38D77 /* UIColor+DTI.m */; };
		256F833A199E782E00F38D77 /* DTIIndicatorStyle.swift in Sources */ = {isa = PBXBuildFile; fileRef = 256F8339199E782E00F38D77 /* DTIIndicatorStyle.swift */; };
		256F833C199EAAC900F38D77 /* DTIAnimDoubleBounce.swift in Sources */ = {isa = PBXBuildFile; fileRef = 256F833B199EAAC900F38D77 /* DTIAnimDoubleBounce.swift */; };
		256F833E199EB72700F38D77 /* DTIAnimPulse.swift in Sources */ = {isa = PBXBuildFile; fileRef = 256F833D199EB72700F38D77 /* DTIAnimPulse.swift */; };
		256F8340199EC06D00F38D77 /* DTIAnimWave.swift in Sources */ = {isa = PBXBuildFile; fileRef = 256F833F199EC06D00F38D77 /* DTIAnimWave.swift */; };
		256F8345199EEA3100F38D77 /* DTIAnimSpotify.swift in Sources */ = {isa = PBXBuildFile; fileRef = 256F8344199EEA3100F38D77 /* DTIAnimSpotify.swift */; };
		256F834719A0033300F38D77 /* CALayer+DTI.swift in Sources */ = {isa = PBXBuildFile; fileRef = 256F834619A0033300F38D77 /* CALayer+DTI.swift */; };
		256F834919A09ED700F38D77 /* DTIAnimWp8.swift in Sources */ = {isa = PBXBuildFile; fileRef = 256F834819A09ED700F38D77 /* DTIAnimWp8.swift */; };
/* End PBXBuildFile section */

/* Begin PBXContainerItemProxy section */
		256F8315199E364A00F38D77 /* PBXContainerItemProxy */ = {
			isa = PBXContainerItemProxy;
			containerPortal = 256F82F6199E364A00F38D77 /* Project object */;
			proxyType = 1;
			remoteGlobalIDString = 256F82FD199E364A00F38D77;
			remoteInfo = SampleObjc;
		};
/* End PBXContainerItemProxy section */

/* Begin PBXFileReference section */
		2506B15619A40FE600481F30 /* DTIAnimWanderingCubes.swift */ = {isa = PBXFileReference; fileEncoding = 4; lastKnownFileType = sourcecode.swift; name = DTIAnimWanderingCubes.swift; path = ../../Classes/DTIAnimWanderingCubes.swift; sourceTree = "<group>"; };
		256F82FE199E364A00F38D77 /* SampleObjc.app */ = {isa = PBXFileReference; explicitFileType = wrapper.application; includeInIndex = 0; path = SampleObjc.app; sourceTree = BUILT_PRODUCTS_DIR; };
		256F8302199E364A00F38D77 /* Info.plist */ = {isa = PBXFileReference; lastKnownFileType = text.plist.xml; path = Info.plist; sourceTree = "<group>"; };
		256F8303199E364A00F38D77 /* main.m */ = {isa = PBXFileReference; lastKnownFileType = sourcecode.c.objc; path = main.m; sourceTree = "<group>"; };
		256F8305199E364A00F38D77 /* AppDelegate.h */ = {isa = PBXFileReference; lastKnownFileType = sourcecode.c.h; path = AppDelegate.h; sourceTree = "<group>"; };
		256F8306199E364A00F38D77 /* AppDelegate.m */ = {isa = PBXFileReference; lastKnownFileType = sourcecode.c.objc; path = AppDelegate.m; sourceTree = "<group>"; };
		256F8308199E364A00F38D77 /* ViewController.h */ = {isa = PBXFileReference; lastKnownFileType = sourcecode.c.h; path = ViewController.h; sourceTree = "<group>"; };
		256F8309199E364A00F38D77 /* ViewController.m */ = {isa = PBXFileReference; lastKnownFileType = sourcecode.c.objc; path = ViewController.m; sourceTree = "<group>"; };
		256F830C199E364A00F38D77 /* Base */ = {isa = PBXFileReference; lastKnownFileType = file.storyboard; name = Base; path = Base.lproj/Main.storyboard; sourceTree = "<group>"; };
		256F830E199E364A00F38D77 /* Images.xcassets */ = {isa = PBXFileReference; lastKnownFileType = folder.assetcatalog; path = Images.xcassets; sourceTree = "<group>"; };
		256F8314199E364A00F38D77 /* SampleObjcTests.xctest */ = {isa = PBXFileReference; explicitFileType = wrapper.cfbundle; includeInIndex = 0; path = SampleObjcTests.xctest; sourceTree = BUILT_PRODUCTS_DIR; };
		256F8319199E364B00F38D77 /* Info.plist */ = {isa = PBXFileReference; lastKnownFileType = text.plist.xml; path = Info.plist; sourceTree = "<group>"; };
		256F831A199E364B00F38D77 /* SampleObjcTests.m */ = {isa = PBXFileReference; lastKnownFileType = sourcecode.c.objc; path = SampleObjcTests.m; sourceTree = "<group>"; };
		256F8325199E36CC00F38D77 /* SampleObjc-Bridging-Header.h */ = {isa = PBXFileReference; lastKnownFileType = sourcecode.c.h; path = "SampleObjc-Bridging-Header.h"; sourceTree = "<group>"; };
		256F8326199E36CD00F38D77 /* DTIActivityIndicatorView.swift */ = {isa = PBXFileReference; fileEncoding = 4; lastKnownFileType = sourcecode.swift; name = DTIActivityIndicatorView.swift; path = ../../Classes/DTIActivityIndicatorView.swift; sourceTree = "<group>"; };
		256F8327199E36CD00F38D77 /* DTIAnimChasingDots.swift */ = {isa = PBXFileReference; fileEncoding = 4; lastKnownFileType = sourcecode.swift; name = DTIAnimChasingDots.swift; path = ../../Classes/DTIAnimChasingDots.swift; sourceTree = "<group>"; };
		256F8328199E36CD00F38D77 /* DTIAnimProtocol.swift */ = {isa = PBXFileReference; fileEncoding = 4; lastKnownFileType = sourcecode.swift; name = DTIAnimProtocol.swift; path = ../../Classes/DTIAnimProtocol.swift; sourceTree = "<group>"; };
		256F8329199E36CD00F38D77 /* DTIAnimRotatingPlane.swift */ = {isa = PBXFileReference; fileEncoding = 4; lastKnownFileType = sourcecode.swift; name = DTIAnimRotatingPlane.swift; path = ../../Classes/DTIAnimRotatingPlane.swift; sourceTree = "<group>"; };
		256F832E199E45EC00F38D77 /* ContentVc.h */ = {isa = PBXFileReference; fileEncoding = 4; lastKnownFileType = sourcecode.c.h; path = ContentVc.h; sourceTree = "<group>"; };
		256F832F199E45EC00F38D77 /* ContentVc.m */ = {isa = PBXFileReference; fileEncoding = 4; lastKnownFileType = sourcecode.c.objc; path = ContentVc.m; sourceTree = "<group>"; };
		256F8334199E4C6600F38D77 /* UIColor+DTI.h */ = {isa = PBXFileReference; fileEncoding = 4; lastKnownFileType = sourcecode.c.h; name = "UIColor+DTI.h"; path = "../UIColor+DTI.h"; sourceTree = "<group>"; };
		256F8335199E4C6600F38D77 /* UIColor+DTI.m */ = {isa = PBXFileReference; fileEncoding = 4; lastKnownFileType = sourcecode.c.objc; name = "UIColor+DTI.m"; path = "../UIColor+DTI.m"; sourceTree = "<group>"; };
		256F8339199E782E00F38D77 /* DTIIndicatorStyle.swift */ = {isa = PBXFileReference; fileEncoding = 4; lastKnownFileType = sourcecode.swift; name = DTIIndicatorStyle.swift; path = ../../Classes/DTIIndicatorStyle.swift; sourceTree = "<group>"; };
		256F833B199EAAC900F38D77 /* DTIAnimDoubleBounce.swift */ = {isa = PBXFileReference; fileEncoding = 4; lastKnownFileType = sourcecode.swift; name = DTIAnimDoubleBounce.swift; path = ../../Classes/DTIAnimDoubleBounce.swift; sourceTree = "<group>"; };
		256F833D199EB72700F38D77 /* DTIAnimPulse.swift */ = {isa = PBXFileReference; fileEncoding = 4; lastKnownFileType = sourcecode.swift; name = DTIAnimPulse.swift; path = ../../Classes/DTIAnimPulse.swift; sourceTree = "<group>"; };
		256F833F199EC06D00F38D77 /* DTIAnimWave.swift */ = {isa = PBXFileReference; fileEncoding = 4; lastKnownFileType = sourcecode.swift; name = DTIAnimWave.swift; path = ../../Classes/DTIAnimWave.swift; sourceTree = "<group>"; };
		256F8344199EEA3100F38D77 /* DTIAnimSpotify.swift */ = {isa = PBXFileReference; fileEncoding = 4; lastKnownFileType = sourcecode.swift; name = DTIAnimSpotify.swift; path = ../../Classes/DTIAnimSpotify.swift; sourceTree = "<group>"; };
		256F834619A0033300F38D77 /* CALayer+DTI.swift */ = {isa = PBXFileReference; fileEncoding = 4; lastKnownFileType = sourcecode.swift; path = "CALayer+DTI.swift"; sourceTree = "<group>"; };
		256F834819A09ED700F38D77 /* DTIAnimWp8.swift */ = {isa = PBXFileReference; fileEncoding = 4; lastKnownFileType = sourcecode.swift; name = DTIAnimWp8.swift; path = ../../Classes/DTIAnimWp8.swift; sourceTree = "<group>"; };
/* End PBXFileReference section */

/* Begin PBXFrameworksBuildPhase section */
		256F82FB199E364A00F38D77 /* Frameworks */ = {
			isa = PBXFrameworksBuildPhase;
			buildActionMask = 2147483647;
			files = (
			);
			runOnlyForDeploymentPostprocessing = 0;
		};
		256F8311199E364A00F38D77 /* Frameworks */ = {
			isa = PBXFrameworksBuildPhase;
			buildActionMask = 2147483647;
			files = (
			);
			runOnlyForDeploymentPostprocessing = 0;
		};
/* End PBXFrameworksBuildPhase section */

/* Begin PBXGroup section */
		256F82F5199E364A00F38D77 = {
			isa = PBXGroup;
			children = (
				256F8300199E364A00F38D77 /* SampleObjc */,
				256F8317199E364A00F38D77 /* SampleObjcTests */,
				256F82FF199E364A00F38D77 /* Products */,
			);
			sourceTree = "<group>";
		};
		256F82FF199E364A00F38D77 /* Products */ = {
			isa = PBXGroup;
			children = (
				256F82FE199E364A00F38D77 /* SampleObjc.app */,
				256F8314199E364A00F38D77 /* SampleObjcTests.xctest */,
			);
			name = Products;
			sourceTree = "<group>";
		};
		256F8300199E364A00F38D77 /* SampleObjc */ = {
			isa = PBXGroup;
			children = (
				256F8324199E368700F38D77 /* DTIActivityIndicatorView */,
				256F8305199E364A00F38D77 /* AppDelegate.h */,
				256F8306199E364A00F38D77 /* AppDelegate.m */,
				256F8308199E364A00F38D77 /* ViewController.h */,
				256F8309199E364A00F38D77 /* ViewController.m */,
				256F830B199E364A00F38D77 /* Main.storyboard */,
				256F830E199E364A00F38D77 /* Images.xcassets */,
				256F8334199E4C6600F38D77 /* UIColor+DTI.h */,
				256F8335199E4C6600F38D77 /* UIColor+DTI.m */,
				256F8301199E364A00F38D77 /* Supporting Files */,
				256F832E199E45EC00F38D77 /* ContentVc.h */,
				256F832F199E45EC00F38D77 /* ContentVc.m */,
			);
			path = SampleObjc;
			sourceTree = "<group>";
		};
		256F8301199E364A00F38D77 /* Supporting Files */ = {
			isa = PBXGroup;
			children = (
				256F8302199E364A00F38D77 /* Info.plist */,
				256F8303199E364A00F38D77 /* main.m */,
			);
			name = "Supporting Files";
			sourceTree = "<group>";
		};
		256F8317199E364A00F38D77 /* SampleObjcTests */ = {
			isa = PBXGroup;
			children = (
				256F831A199E364B00F38D77 /* SampleObjcTests.m */,
				256F8318199E364B00F38D77 /* Supporting Files */,
			);
			path = SampleObjcTests;
			sourceTree = "<group>";
		};
		256F8318199E364B00F38D77 /* Supporting Files */ = {
			isa = PBXGroup;
			children = (
				256F8319199E364B00F38D77 /* Info.plist */,
			);
			name = "Supporting Files";
			sourceTree = "<group>";
		};
		256F8324199E368700F38D77 /* DTIActivityIndicatorView */ = {
			isa = PBXGroup;
			children = (
				256F8326199E36CD00F38D77 /* DTIActivityIndicatorView.swift */,
				256F8328199E36CD00F38D77 /* DTIAnimProtocol.swift */,
				256F8327199E36CD00F38D77 /* DTIAnimChasingDots.swift */,
				256F833B199EAAC900F38D77 /* DTIAnimDoubleBounce.swift */,
				256F833D199EB72700F38D77 /* DTIAnimPulse.swift */,
				256F8329199E36CD00F38D77 /* DTIAnimRotatingPlane.swift */,
				256F833F199EC06D00F38D77 /* DTIAnimWave.swift */,
				2506B15619A40FE600481F30 /* DTIAnimWanderingCubes.swift */,
				256F8344199EEA3100F38D77 /* DTIAnimSpotify.swift */,
				256F834819A09ED700F38D77 /* DTIAnimWp8.swift */,
				256F8339199E782E00F38D77 /* DTIIndicatorStyle.swift */,
				256F834619A0033300F38D77 /* CALayer+DTI.swift */,
				256F8325199E36CC00F38D77 /* SampleObjc-Bridging-Header.h */,
			);
			name = DTIActivityIndicatorView;
			sourceTree = "<group>";
		};
/* End PBXGroup section */

/* Begin PBXNativeTarget section */
		256F82FD199E364A00F38D77 /* SampleObjc */ = {
			isa = PBXNativeTarget;
			buildConfigurationList = 256F831E199E364B00F38D77 /* Build configuration list for PBXNativeTarget "SampleObjc" */;
			buildPhases = (
				256F82FA199E364A00F38D77 /* Sources */,
				256F82FB199E364A00F38D77 /* Frameworks */,
				256F82FC199E364A00F38D77 /* Resources */,
			);
			buildRules = (
			);
			dependencies = (
			);
			name = SampleObjc;
			productName = SampleObjc;
			productReference = 256F82FE199E364A00F38D77 /* SampleObjc.app */;
			productType = "com.apple.product-type.application";
		};
		256F8313199E364A00F38D77 /* SampleObjcTests */ = {
			isa = PBXNativeTarget;
			buildConfigurationList = 256F8321199E364B00F38D77 /* Build configuration list for PBXNativeTarget "SampleObjcTests" */;
			buildPhases = (
				256F8310199E364A00F38D77 /* Sources */,
				256F8311199E364A00F38D77 /* Frameworks */,
				256F8312199E364A00F38D77 /* Resources */,
			);
			buildRules = (
			);
			dependencies = (
				256F8316199E364A00F38D77 /* PBXTargetDependency */,
			);
			name = SampleObjcTests;
			productName = SampleObjcTests;
			productReference = 256F8314199E364A00F38D77 /* SampleObjcTests.xctest */;
			productType = "com.apple.product-type.bundle.unit-test";
		};
/* End PBXNativeTarget section */

/* Begin PBXProject section */
		256F82F6199E364A00F38D77 /* Project object */ = {
			isa = PBXProject;
			attributes = {
				LastUpgradeCheck = 0600;
				ORGANIZATIONNAME = "o--O--o";
				TargetAttributes = {
					256F82FD199E364A00F38D77 = {
						CreatedOnToolsVersion = 6.0;
					};
					256F8313199E364A00F38D77 = {
						CreatedOnToolsVersion = 6.0;
						TestTargetID = 256F82FD199E364A00F38D77;
					};
				};
			};
			buildConfigurationList = 256F82F9199E364A00F38D77 /* Build configuration list for PBXProject "SampleObjc" */;
			compatibilityVersion = "Xcode 3.2";
			developmentRegion = English;
			hasScannedForEncodings = 0;
			knownRegions = (
				en,
				Base,
			);
			mainGroup = 256F82F5199E364A00F38D77;
			productRefGroup = 256F82FF199E364A00F38D77 /* Products */;
			projectDirPath = "";
			projectRoot = "";
			targets = (
				256F82FD199E364A00F38D77 /* SampleObjc */,
				256F8313199E364A00F38D77 /* SampleObjcTests */,
			);
		};
/* End PBXProject section */

/* Begin PBXResourcesBuildPhase section */
		256F82FC199E364A00F38D77 /* Resources */ = {
			isa = PBXResourcesBuildPhase;
			buildActionMask = 2147483647;
			files = (
				256F830D199E364A00F38D77 /* Main.storyboard in Resources */,
				256F830F199E364A00F38D77 /* Images.xcassets in Resources */,
			);
			runOnlyForDeploymentPostprocessing = 0;
		};
		256F8312199E364A00F38D77 /* Resources */ = {
			isa = PBXResourcesBuildPhase;
			buildActionMask = 2147483647;
			files = (
			);
			runOnlyForDeploymentPostprocessing = 0;
		};
/* End PBXResourcesBuildPhase section */

/* Begin PBXSourcesBuildPhase section */
		256F82FA199E364A00F38D77 /* Sources */ = {
			isa = PBXSourcesBuildPhase;
			buildActionMask = 2147483647;
			files = (
				256F834919A09ED700F38D77 /* DTIAnimWp8.swift in Sources */,
				256F833E199EB72700F38D77 /* DTIAnimPulse.swift in Sources */,
				256F830A199E364A00F38D77 /* ViewController.m in Sources */,
				256F8336199E4C6600F38D77 /* UIColor+DTI.m in Sources */,
				256F8307199E364A00F38D77 /* AppDelegate.m in Sources */,
				256F833A199E782E00F38D77 /* DTIIndicatorStyle.swift in Sources */,
				256F8330199E45EC00F38D77 /* ContentVc.m in Sources */,
				256F8304199E364A00F38D77 /* main.m in Sources */,
				256F832A199E36CD00F38D77 /* DTIActivityIndicatorView.swift in Sources */,
				256F8340199EC06D00F38D77 /* DTIAnimWave.swift in Sources */,
				2506B15719A40FE600481F30 /* DTIAnimWanderingCubes.swift in Sources */,
				256F8345199EEA3100F38D77 /* DTIAnimSpotify.swift in Sources */,
				256F832C199E36CD00F38D77 /* DTIAnimProtocol.swift in Sources */,
				256F834719A0033300F38D77 /* CALayer+DTI.swift in Sources */,
				256F832D199E36CD00F38D77 /* DTIAnimRotatingPlane.swift in Sources */,
				256F832B199E36CD00F38D77 /* DTIAnimChasingDots.swift in Sources */,
				256F833C199EAAC900F38D77 /* DTIAnimDoubleBounce.swift in Sources */,
			);
			runOnlyForDeploymentPostprocessing = 0;
		};
		256F8310199E364A00F38D77 /* Sources */ = {
			isa = PBXSourcesBuildPhase;
			buildActionMask = 2147483647;
			files = (
				256F831B199E364B00F38D77 /* SampleObjcTests.m in Sources */,
			);
			runOnlyForDeploymentPostprocessing = 0;
		};
/* End PBXSourcesBuildPhase section */

/* Begin PBXTargetDependency section */
		256F8316199E364A00F38D77 /* PBXTargetDependency */ = {
			isa = PBXTargetDependency;
			target = 256F82FD199E364A00F38D77 /* SampleObjc */;
			targetProxy = 256F8315199E364A00F38D77 /* PBXContainerItemProxy */;
		};
/* End PBXTargetDependency section */

/* Begin PBXVariantGroup section */
		256F830B199E364A00F38D77 /* Main.storyboard */ = {
			isa = PBXVariantGroup;
			children = (
				256F830C199E364A00F38D77 /* Base */,
			);
			name = Main.storyboard;
			sourceTree = "<group>";
		};
/* End PBXVariantGroup section */

/* Begin XCBuildConfiguration section */
		256F831C199E364B00F38D77 /* Debug */ = {
			isa = XCBuildConfiguration;
			buildSettings = {
				ALWAYS_SEARCH_USER_PATHS = NO;
				CLANG_CXX_LANGUAGE_STANDARD = "gnu++0x";
				CLANG_CXX_LIBRARY = "libc++";
				CLANG_ENABLE_MODULES = YES;
				CLANG_ENABLE_OBJC_ARC = YES;
				CLANG_WARN_BOOL_CONVERSION = YES;
				CLANG_WARN_CONSTANT_CONVERSION = YES;
				CLANG_WARN_DIRECT_OBJC_ISA_USAGE = YES_ERROR;
				CLANG_WARN_EMPTY_BODY = YES;
				CLANG_WARN_ENUM_CONVERSION = YES;
				CLANG_WARN_INT_CONVERSION = YES;
				CLANG_WARN_OBJC_ROOT_CLASS = YES_ERROR;
				CLANG_WARN_UNREACHABLE_CODE = YES;
				CLANG_WARN__DUPLICATE_METHOD_MATCH = YES;
				"CODE_SIGN_IDENTITY[sdk=iphoneos*]" = "iPhone Developer";
				COPY_PHASE_STRIP = NO;
				ENABLE_STRICT_OBJC_MSGSEND = YES;
				GCC_C_LANGUAGE_STANDARD = gnu99;
				GCC_DYNAMIC_NO_PIC = NO;
				GCC_OPTIMIZATION_LEVEL = 0;
				GCC_PREPROCESSOR_DEFINITIONS = (
					"DEBUG=1",
					"$(inherited)",
				);
				GCC_SYMBOLS_PRIVATE_EXTERN = NO;
				GCC_WARN_64_TO_32_BIT_CONVERSION = YES;
				GCC_WARN_ABOUT_RETURN_TYPE = YES_ERROR;
				GCC_WARN_UNDECLARED_SELECTOR = YES;
				GCC_WARN_UNINITIALIZED_AUTOS = YES_AGGRESSIVE;
				GCC_WARN_UNUSED_FUNCTION = YES;
				GCC_WARN_UNUSED_VARIABLE = YES;
				IPHONEOS_DEPLOYMENT_TARGET = 8.0;
				MTL_ENABLE_DEBUG_INFO = YES;
				ONLY_ACTIVE_ARCH = YES;
				SDKROOT = iphoneos;
			};
			name = Debug;
		};
		256F831D199E364B00F38D77 /* Release */ = {
			isa = XCBuildConfiguration;
			buildSettings = {
				ALWAYS_SEARCH_USER_PATHS = NO;
				CLANG_CXX_LANGUAGE_STANDARD = "gnu++0x";
				CLANG_CXX_LIBRARY = "libc++";
				CLANG_ENABLE_MODULES = YES;
				CLANG_ENABLE_OBJC_ARC = YES;
				CLANG_WARN_BOOL_CONVERSION = YES;
				CLANG_WARN_CONSTANT_CONVERSION = YES;
				CLANG_WARN_DIRECT_OBJC_ISA_USAGE = YES_ERROR;
				CLANG_WARN_EMPTY_BODY = YES;
				CLANG_WARN_ENUM_CONVERSION = YES;
				CLANG_WARN_INT_CONVERSION = YES;
				CLANG_WARN_OBJC_ROOT_CLASS = YES_ERROR;
				CLANG_WARN_UNREACHABLE_CODE = YES;
				CLANG_WARN__DUPLICATE_METHOD_MATCH = YES;
				"CODE_SIGN_IDENTITY[sdk=iphoneos*]" = "iPhone Developer";
				COPY_PHASE_STRIP = YES;
				ENABLE_NS_ASSERTIONS = NO;
				ENABLE_STRICT_OBJC_MSGSEND = YES;
				GCC_C_LANGUAGE_STANDARD = gnu99;
				GCC_WARN_64_TO_32_BIT_CONVERSION = YES;
				GCC_WARN_ABOUT_RETURN_TYPE = YES_ERROR;
				GCC_WARN_UNDECLARED_SELECTOR = YES;
				GCC_WARN_UNINITIALIZED_AUTOS = YES_AGGRESSIVE;
				GCC_WARN_UNUSED_FUNCTION = YES;
				GCC_WARN_UNUSED_VARIABLE = YES;
				IPHONEOS_DEPLOYMENT_TARGET = 8.0;
				MTL_ENABLE_DEBUG_INFO = NO;
				SDKROOT = iphoneos;
				VALIDATE_PRODUCT = YES;
			};
			name = Release;
		};
		256F831F199E364B00F38D77 /* Debug */ = {
			isa = XCBuildConfiguration;
			buildSettings = {
				ASSETCATALOG_COMPILER_APPICON_NAME = AppIcon;
				ASSETCATALOG_COMPILER_LAUNCHIMAGE_NAME = LaunchImage;
				CLANG_ENABLE_MODULES = YES;
				INFOPLIST_FILE = SampleObjc/Info.plist;
				IPHONEOS_DEPLOYMENT_TARGET = 7.0;
				LD_RUNPATH_SEARCH_PATHS = "$(inherited) @executable_path/Frameworks";
				PRODUCT_NAME = "$(TARGET_NAME)";
				SWIFT_OBJC_BRIDGING_HEADER = "SampleObjc/SampleObjc-Bridging-Header.h";
				SWIFT_OPTIMIZATION_LEVEL = "-Onone";
			};
			name = Debug;
		};
		256F8320199E364B00F38D77 /* Release */ = {
			isa = XCBuildConfiguration;
			buildSettings = {
				ASSETCATALOG_COMPILER_APPICON_NAME = AppIcon;
				ASSETCATALOG_COMPILER_LAUNCHIMAGE_NAME = LaunchImage;
				CLANG_ENABLE_MODULES = YES;
				INFOPLIST_FILE = SampleObjc/Info.plist;
				IPHONEOS_DEPLOYMENT_TARGET = 7.0;
				LD_RUNPATH_SEARCH_PATHS = "$(inherited) @executable_path/Frameworks";
				PRODUCT_NAME = "$(TARGET_NAME)";
				SWIFT_OBJC_BRIDGING_HEADER = "SampleObjc/SampleObjc-Bridging-Header.h";
			};
			name = Release;
		};
		256F8322199E364B00F38D77 /* Debug */ = {
			isa = XCBuildConfiguration;
			buildSettings = {
				BUNDLE_LOADER = "$(TEST_HOST)";
				FRAMEWORK_SEARCH_PATHS = (
					"$(SDKROOT)/Developer/Library/Frameworks",
					"$(inherited)",
				);
				GCC_PREPROCESSOR_DEFINITIONS = (
					"DEBUG=1",
					"$(inherited)",
				);
				INFOPLIST_FILE = SampleObjcTests/Info.plist;
				LD_RUNPATH_SEARCH_PATHS = "$(inherited) @executable_path/Frameworks @loader_path/Frameworks";
				PRODUCT_NAME = "$(TARGET_NAME)";
				TEST_HOST = "$(BUILT_PRODUCTS_DIR)/SampleObjc.app/SampleObjc";
			};
			name = Debug;
		};
		256F8323199E364B00F38D77 /* Release */ = {
			isa = XCBuildConfiguration;
			buildSettings = {
				BUNDLE_LOADER = "$(TEST_HOST)";
				FRAMEWORK_SEARCH_PATHS = (
					"$(SDKROOT)/Developer/Library/Frameworks",
					"$(inherited)",
				);
				INFOPLIST_FILE = SampleObjcTests/Info.plist;
				LD_RUNPATH_SEARCH_PATHS = "$(inherited) @executable_path/Frameworks @loader_path/Frameworks";
				PRODUCT_NAME = "$(TARGET_NAME)";
				TEST_HOST = "$(BUILT_PRODUCTS_DIR)/SampleObjc.app/SampleObjc";
			};
			name = Release;
		};
/* End XCBuildConfiguration section */

/* Begin XCConfigurationList section */
		256F82F9199E364A00F38D77 /* Build configuration list for PBXProject "SampleObjc" */ = {
			isa = XCConfigurationList;
			buildConfigurations = (
				256F831C199E364B00F38D77 /* Debug */,
				256F831D199E364B00F38D77 /* Release */,
			);
			defaultConfigurationIsVisible = 0;
			defaultConfigurationName = Release;
		};
		256F831E199E364B00F38D77 /* Build configuration list for PBXNativeTarget "SampleObjc" */ = {
			isa = XCConfigurationList;
			buildConfigurations = (
				256F831F199E364B00F38D77 /* Debug */,
				256F8320199E364B00F38D77 /* Release */,
			);
			defaultConfigurationIsVisible = 0;
			defaultConfigurationName = Release;
		};
		256F8321199E364B00F38D77 /* Build configuration list for PBXNativeTarget "SampleObjcTests" */ = {
			isa = XCConfigurationList;
			buildConfigurations = (
				256F8322199E364B00F38D77 /* Debug */,
				256F8323199E364B00F38D77 /* Release */,
			);
			defaultConfigurationIsVisible = 0;
			defaultConfigurationName = Release;
		};
/* End XCConfigurationList section */
	};
	rootObject = 256F82F6199E364A00F38D77 /* Project object */;
}
