// !$*UTF8*$!
{
	archiveVersion = 1;
	classes = {
	};
	objectVersion = 46;
	objects = {

/* Begin PBXBuildFile section */
		25FF292C199AD03700A886D0 /* AppDelegate.swift in Sources */ = {isa = PBXBuildFile; fileRef = 25FF292B199AD03700A886D0 /* AppDelegate.swift */; };
		25FF292E199AD03700A886D0 /* ViewController.swift in Sources */ = {isa = PBXBuildFile; fileRef = 25FF292D199AD03700A886D0 /* ViewController.swift */; };
		25FF2931199AD03700A886D0 /* Main.storyboard in Resources */ = {isa = PBXBuildFile; fileRef = 25FF292F199AD03700A886D0 /* Main.storyboard */; };
		25FF2933199AD03700A886D0 /* Images.xcassets in Resources */ = {isa = PBXBuildFile; fileRef = 25FF2932199AD03700A886D0 /* Images.xcassets */; };
		25FF293F199AD03700A886D0 /* SampleApplicationTests.swift in Sources */ = {isa = PBXBuildFile; fileRef = 25FF293E199AD03700A886D0 /* SampleApplicationTests.swift */; };
		25FF2949199AD07500A886D0 /* DTIActivityIndicatorView.swift in Sources */ = {isa = PBXBuildFile; fileRef = 25FF2948199AD07500A886D0 /* DTIActivityIndicatorView.swift */; };
/* End PBXBuildFile section */

/* Begin PBXContainerItemProxy section */
		25FF2939199AD03700A886D0 /* PBXContainerItemProxy */ = {
			isa = PBXContainerItemProxy;
			containerPortal = 25FF291E199AD03700A886D0 /* Project object */;
			proxyType = 1;
			remoteGlobalIDString = 25FF2925199AD03700A886D0;
			remoteInfo = SampleApplication;
		};
/* End PBXContainerItemProxy section */

/* Begin PBXFileReference section */
		25FF2926199AD03700A886D0 /* SampleApplication.app */ = {isa = PBXFileReference; explicitFileType = wrapper.application; includeInIndex = 0; path = SampleApplication.app; sourceTree = BUILT_PRODUCTS_DIR; };
		25FF292A199AD03700A886D0 /* Info.plist */ = {isa = PBXFileReference; lastKnownFileType = text.plist.xml; path = Info.plist; sourceTree = "<group>"; };
		25FF292B199AD03700A886D0 /* AppDelegate.swift */ = {isa = PBXFileReference; lastKnownFileType = sourcecode.swift; path = AppDelegate.swift; sourceTree = "<group>"; };
		25FF292D199AD03700A886D0 /* ViewController.swift */ = {isa = PBXFileReference; lastKnownFileType = sourcecode.swift; path = ViewController.swift; sourceTree = "<group>"; };
		25FF2930199AD03700A886D0 /* Base */ = {isa = PBXFileReference; lastKnownFileType = file.storyboard; name = Base; path = Base.lproj/Main.storyboard; sourceTree = "<group>"; };
		25FF2932199AD03700A886D0 /* Images.xcassets */ = {isa = PBXFileReference; lastKnownFileType = folder.assetcatalog; path = Images.xcassets; sourceTree = "<group>"; };
		25FF2938199AD03700A886D0 /* SampleApplicationTests.xctest */ = {isa = PBXFileReference; explicitFileType = wrapper.cfbundle; includeInIndex = 0; path = SampleApplicationTests.xctest; sourceTree = BUILT_PRODUCTS_DIR; };
		25FF293D199AD03700A886D0 /* Info.plist */ = {isa = PBXFileReference; lastKnownFileType = text.plist.xml; path = Info.plist; sourceTree = "<group>"; };
		25FF293E199AD03700A886D0 /* SampleApplicationTests.swift */ = {isa = PBXFileReference; lastKnownFileType = sourcecode.swift; path = SampleApplicationTests.swift; sourceTree = "<group>"; };
		25FF2948199AD07500A886D0 /* DTIActivityIndicatorView.swift */ = {isa = PBXFileReference; fileEncoding = 4; lastKnownFileType = sourcecode.swift; name = DTIActivityIndicatorView.swift; path = ../../Classes/DTIActivityIndicatorView.swift; sourceTree = "<group>"; };
/* End PBXFileReference section */

/* Begin PBXFrameworksBuildPhase section */
		25FF2923199AD03700A886D0 /* Frameworks */ = {
			isa = PBXFrameworksBuildPhase;
			buildActionMask = 2147483647;
			files = (
			);
			runOnlyForDeploymentPostprocessing = 0;
		};
		25FF2935199AD03700A886D0 /* Frameworks */ = {
			isa = PBXFrameworksBuildPhase;
			buildActionMask = 2147483647;
			files = (
			);
			runOnlyForDeploymentPostprocessing = 0;
		};
/* End PBXFrameworksBuildPhase section */

/* Begin PBXGroup section */
		25FF291D199AD03700A886D0 = {
			isa = PBXGroup;
			children = (
				25FF2928199AD03700A886D0 /* SampleApplication */,
				25FF293B199AD03700A886D0 /* SampleApplicationTests */,
				25FF2927199AD03700A886D0 /* Products */,
			);
			sourceTree = "<group>";
		};
		25FF2927199AD03700A886D0 /* Products */ = {
			isa = PBXGroup;
			children = (
				25FF2926199AD03700A886D0 /* SampleApplication.app */,
				25FF2938199AD03700A886D0 /* SampleApplicationTests.xctest */,
			);
			name = Products;
			sourceTree = "<group>";
		};
		25FF2928199AD03700A886D0 /* SampleApplication */ = {
			isa = PBXGroup;
			children = (
				25FF2948199AD07500A886D0 /* DTIActivityIndicatorView.swift */,
				25FF292B199AD03700A886D0 /* AppDelegate.swift */,
				25FF292D199AD03700A886D0 /* ViewController.swift */,
				25FF292F199AD03700A886D0 /* Main.storyboard */,
				25FF2932199AD03700A886D0 /* Images.xcassets */,
				25FF2929199AD03700A886D0 /* Supporting Files */,
			);
			path = SampleApplication;
			sourceTree = "<group>";
		};
		25FF2929199AD03700A886D0 /* Supporting Files */ = {
			isa = PBXGroup;
			children = (
				25FF292A199AD03700A886D0 /* Info.plist */,
			);
			name = "Supporting Files";
			sourceTree = "<group>";
		};
		25FF293B199AD03700A886D0 /* SampleApplicationTests */ = {
			isa = PBXGroup;
			children = (
				25FF293E199AD03700A886D0 /* SampleApplicationTests.swift */,
				25FF293C199AD03700A886D0 /* Supporting Files */,
			);
			path = SampleApplicationTests;
			sourceTree = "<group>";
		};
		25FF293C199AD03700A886D0 /* Supporting Files */ = {
			isa = PBXGroup;
			children = (
				25FF293D199AD03700A886D0 /* Info.plist */,
			);
			name = "Supporting Files";
			sourceTree = "<group>";
		};
/* End PBXGroup section */

/* Begin PBXNativeTarget section */
		25FF2925199AD03700A886D0 /* SampleApplication */ = {
			isa = PBXNativeTarget;
			buildConfigurationList = 25FF2942199AD03700A886D0 /* Build configuration list for PBXNativeTarget "SampleApplication" */;
			buildPhases = (
				25FF2922199AD03700A886D0 /* Sources */,
				25FF2923199AD03700A886D0 /* Frameworks */,
				25FF2924199AD03700A886D0 /* Resources */,
			);
			buildRules = (
			);
			dependencies = (
			);
			name = SampleApplication;
			productName = SampleApplication;
			productReference = 25FF2926199AD03700A886D0 /* SampleApplication.app */;
			productType = "com.apple.product-type.application";
		};
		25FF2937199AD03700A886D0 /* SampleApplicationTests */ = {
			isa = PBXNativeTarget;
			buildConfigurationList = 25FF2945199AD03700A886D0 /* Build configuration list for PBXNativeTarget "SampleApplicationTests" */;
			buildPhases = (
				25FF2934199AD03700A886D0 /* Sources */,
				25FF2935199AD03700A886D0 /* Frameworks */,
				25FF2936199AD03700A886D0 /* Resources */,
			);
			buildRules = (
			);
			dependencies = (
				25FF293A199AD03700A886D0 /* PBXTargetDependency */,
			);
			name = SampleApplicationTests;
			productName = SampleApplicationTests;
			productReference = 25FF2938199AD03700A886D0 /* SampleApplicationTests.xctest */;
			productType = "com.apple.product-type.bundle.unit-test";
		};
/* End PBXNativeTarget section */

/* Begin PBXProject section */
		25FF291E199AD03700A886D0 /* Project object */ = {
			isa = PBXProject;
			attributes = {
				LastUpgradeCheck = 0600;
				ORGANIZATIONNAME = "o--O--o";
				TargetAttributes = {
					25FF2925199AD03700A886D0 = {
						CreatedOnToolsVersion = 6.0;
					};
					25FF2937199AD03700A886D0 = {
						CreatedOnToolsVersion = 6.0;
						TestTargetID = 25FF2925199AD03700A886D0;
					};
				};
			};
			buildConfigurationList = 25FF2921199AD03700A886D0 /* Build configuration list for PBXProject "SampleApplication" */;
			compatibilityVersion = "Xcode 3.2";
			developmentRegion = English;
			hasScannedForEncodings = 0;
			knownRegions = (
				en,
				Base,
			);
			mainGroup = 25FF291D199AD03700A886D0;
			productRefGroup = 25FF2927199AD03700A886D0 /* Products */;
			projectDirPath = "";
			projectRoot = "";
			targets = (
				25FF2925199AD03700A886D0 /* SampleApplication */,
				25FF2937199AD03700A886D0 /* SampleApplicationTests */,
			);
		};
/* End PBXProject section */

/* Begin PBXResourcesBuildPhase section */
		25FF2924199AD03700A886D0 /* Resources */ = {
			isa = PBXResourcesBuildPhase;
			buildActionMask = 2147483647;
			files = (
				25FF2931199AD03700A886D0 /* Main.storyboard in Resources */,
				25FF2933199AD03700A886D0 /* Images.xcassets in Resources */,
			);
			runOnlyForDeploymentPostprocessing = 0;
		};
		25FF2936199AD03700A886D0 /* Resources */ = {
			isa = PBXResourcesBuildPhase;
			buildActionMask = 2147483647;
			files = (
			);
			runOnlyForDeploymentPostprocessing = 0;
		};
/* End PBXResourcesBuildPhase section */

/* Begin PBXSourcesBuildPhase section */
		25FF2922199AD03700A886D0 /* Sources */ = {
			isa = PBXSourcesBuildPhase;
			buildActionMask = 2147483647;
			files = (
				25FF2949199AD07500A886D0 /* DTIActivityIndicatorView.swift in Sources */,
				25FF292E199AD03700A886D0 /* ViewController.swift in Sources */,
				25FF292C199AD03700A886D0 /* AppDelegate.swift in Sources */,
			);
			runOnlyForDeploymentPostprocessing = 0;
		};
		25FF2934199AD03700A886D0 /* Sources */ = {
			isa = PBXSourcesBuildPhase;
			buildActionMask = 2147483647;
			files = (
				25FF293F199AD03700A886D0 /* SampleApplicationTests.swift in Sources */,
			);
			runOnlyForDeploymentPostprocessing = 0;
		};
/* End PBXSourcesBuildPhase section */

/* Begin PBXTargetDependency section */
		25FF293A199AD03700A886D0 /* PBXTargetDependency */ = {
			isa = PBXTargetDependency;
			target = 25FF2925199AD03700A886D0 /* SampleApplication */;
			targetProxy = 25FF2939199AD03700A886D0 /* PBXContainerItemProxy */;
		};
/* End PBXTargetDependency section */

/* Begin PBXVariantGroup section */
		25FF292F199AD03700A886D0 /* Main.storyboard */ = {
			isa = PBXVariantGroup;
			children = (
				25FF2930199AD03700A886D0 /* Base */,
			);
			name = Main.storyboard;
			sourceTree = "<group>";
		};
/* End PBXVariantGroup section */

/* Begin XCBuildConfiguration section */
		25FF2940199AD03700A886D0 /* Debug */ = {
			isa = XCBuildConfiguration;
			buildSettings = {
				ALWAYS_SEARCH_USER_PATHS = NO;
				CLANG_CXX_LANGUAGE_STANDARD = "gnu++0x";
				CLANG_CXX_LIBRARY = "libc++";
				CLANG_ENABLE_MODULES = YES;
				CLANG_ENABLE_OBJC_ARC = YES;
				CLANG_WARN_BOOL_CONVERSION = YES;
				CLANG_WARN_CONSTANT_CONVERSION = YES;
				CLANG_WARN_DIRECT_OBJC_ISA_USAGE = YES_ERROR;
				CLANG_WARN_EMPTY_BODY = YES;
				CLANG_WARN_ENUM_CONVERSION = YES;
				CLANG_WARN_INT_CONVERSION = YES;
				CLANG_WARN_OBJC_ROOT_CLASS = YES_ERROR;
				CLANG_WARN_UNREACHABLE_CODE = YES;
				CLANG_WARN__DUPLICATE_METHOD_MATCH = YES;
				"CODE_SIGN_IDENTITY[sdk=iphoneos*]" = "iPhone Developer";
				COPY_PHASE_STRIP = NO;
				ENABLE_STRICT_OBJC_MSGSEND = YES;
				GCC_C_LANGUAGE_STANDARD = gnu99;
				GCC_DYNAMIC_NO_PIC = NO;
				GCC_OPTIMIZATION_LEVEL = 0;
				GCC_PREPROCESSOR_DEFINITIONS = (
					"DEBUG=1",
					"$(inherited)",
				);
				GCC_SYMBOLS_PRIVATE_EXTERN = NO;
				GCC_WARN_64_TO_32_BIT_CONVERSION = YES;
				GCC_WARN_ABOUT_RETURN_TYPE = YES_ERROR;
				GCC_WARN_UNDECLARED_SELECTOR = YES;
				GCC_WARN_UNINITIALIZED_AUTOS = YES_AGGRESSIVE;
				GCC_WARN_UNUSED_FUNCTION = YES;
				GCC_WARN_UNUSED_VARIABLE = YES;
				IPHONEOS_DEPLOYMENT_TARGET = 8.0;
				MTL_ENABLE_DEBUG_INFO = YES;
				ONLY_ACTIVE_ARCH = YES;
				SDKROOT = iphoneos;
				SWIFT_OPTIMIZATION_LEVEL = "-Onone";
			};
			name = Debug;
		};
		25FF2941199AD03700A886D0 /* Release */ = {
			isa = XCBuildConfiguration;
			buildSettings = {
				ALWAYS_SEARCH_USER_PATHS = NO;
				CLANG_CXX_LANGUAGE_STANDARD = "gnu++0x";
				CLANG_CXX_LIBRARY = "libc++";
				CLANG_ENABLE_MODULES = YES;
				CLANG_ENABLE_OBJC_ARC = YES;
				CLANG_WARN_BOOL_CONVERSION = YES;
				CLANG_WARN_CONSTANT_CONVERSION = YES;
				CLANG_WARN_DIRECT_OBJC_ISA_USAGE = YES_ERROR;
				CLANG_WARN_EMPTY_BODY = YES;
				CLANG_WARN_ENUM_CONVERSION = YES;
				CLANG_WARN_INT_CONVERSION = YES;
				CLANG_WARN_OBJC_ROOT_CLASS = YES_ERROR;
				CLANG_WARN_UNREACHABLE_CODE = YES;
				CLANG_WARN__DUPLICATE_METHOD_MATCH = YES;
				"CODE_SIGN_IDENTITY[sdk=iphoneos*]" = "iPhone Developer";
				COPY_PHASE_STRIP = YES;
				ENABLE_NS_ASSERTIONS = NO;
				ENABLE_STRICT_OBJC_MSGSEND = YES;
				GCC_C_LANGUAGE_STANDARD = gnu99;
				GCC_WARN_64_TO_32_BIT_CONVERSION = YES;
				GCC_WARN_ABOUT_RETURN_TYPE = YES_ERROR;
				GCC_WARN_UNDECLARED_SELECTOR = YES;
				GCC_WARN_UNINITIALIZED_AUTOS = YES_AGGRESSIVE;
				GCC_WARN_UNUSED_FUNCTION = YES;
				GCC_WARN_UNUSED_VARIABLE = YES;
				IPHONEOS_DEPLOYMENT_TARGET = 8.0;
				MTL_ENABLE_DEBUG_INFO = NO;
				SDKROOT = iphoneos;
				VALIDATE_PRODUCT = YES;
			};
			name = Release;
		};
		25FF2943199AD03700A886D0 /* Debug */ = {
			isa = XCBuildConfiguration;
			buildSettings = {
				ASSETCATALOG_COMPILER_APPICON_NAME = AppIcon;
				ASSETCATALOG_COMPILER_LAUNCHIMAGE_NAME = LaunchImage;
				INFOPLIST_FILE = SampleApplication/Info.plist;
				IPHONEOS_DEPLOYMENT_TARGET = 7.0;
				LD_RUNPATH_SEARCH_PATHS = "$(inherited) @executable_path/Frameworks";
				PRODUCT_NAME = "$(TARGET_NAME)";
			};
			name = Debug;
		};
		25FF2944199AD03700A886D0 /* Release */ = {
			isa = XCBuildConfiguration;
			buildSettings = {
				ASSETCATALOG_COMPILER_APPICON_NAME = AppIcon;
				ASSETCATALOG_COMPILER_LAUNCHIMAGE_NAME = LaunchImage;
				INFOPLIST_FILE = SampleApplication/Info.plist;
				IPHONEOS_DEPLOYMENT_TARGET = 7.0;
				LD_RUNPATH_SEARCH_PATHS = "$(inherited) @executable_path/Frameworks";
				PRODUCT_NAME = "$(TARGET_NAME)";
			};
			name = Release;
		};
		25FF2946199AD03700A886D0 /* Debug */ = {
			isa = XCBuildConfiguration;
			buildSettings = {
				BUNDLE_LOADER = "$(TEST_HOST)";
				FRAMEWORK_SEARCH_PATHS = (
					"$(SDKROOT)/Developer/Library/Frameworks",
					"$(inherited)",
				);
				GCC_PREPROCESSOR_DEFINITIONS = (
					"DEBUG=1",
					"$(inherited)",
				);
				INFOPLIST_FILE = SampleApplicationTests/Info.plist;
				LD_RUNPATH_SEARCH_PATHS = "$(inherited) @executable_path/Frameworks @loader_path/Frameworks";
				PRODUCT_NAME = "$(TARGET_NAME)";
				TEST_HOST = "$(BUILT_PRODUCTS_DIR)/SampleApplication.app/SampleApplication";
			};
			name = Debug;
		};
		25FF2947199AD03700A886D0 /* Release */ = {
			isa = XCBuildConfiguration;
			buildSettings = {
				BUNDLE_LOADER = "$(TEST_HOST)";
				FRAMEWORK_SEARCH_PATHS = (
					"$(SDKROOT)/Developer/Library/Frameworks",
					"$(inherited)",
				);
				INFOPLIST_FILE = SampleApplicationTests/Info.plist;
				LD_RUNPATH_SEARCH_PATHS = "$(inherited) @executable_path/Frameworks @loader_path/Frameworks";
				PRODUCT_NAME = "$(TARGET_NAME)";
				TEST_HOST = "$(BUILT_PRODUCTS_DIR)/SampleApplication.app/SampleApplication";
			};
			name = Release;
		};
/* End XCBuildConfiguration section */

/* Begin XCConfigurationList section */
		25FF2921199AD03700A886D0 /* Build configuration list for PBXProject "SampleApplication" */ = {
			isa = XCConfigurationList;
			buildConfigurations = (
				25FF2940199AD03700A886D0 /* Debug */,
				25FF2941199AD03700A886D0 /* Release */,
			);
			defaultConfigurationIsVisible = 0;
			defaultConfigurationName = Release;
		};
		25FF2942199AD03700A886D0 /* Build configuration list for PBXNativeTarget "SampleApplication" */ = {
			isa = XCConfigurationList;
			buildConfigurations = (
				25FF2943199AD03700A886D0 /* Debug */,
				25FF2944199AD03700A886D0 /* Release */,
			);
			defaultConfigurationIsVisible = 0;
			defaultConfigurationName = Release;
		};
		25FF2945199AD03700A886D0 /* Build configuration list for PBXNativeTarget "SampleApplicationTests" */ = {
			isa = XCConfigurationList;
			buildConfigurations = (
				25FF2946199AD03700A886D0 /* Debug */,
				25FF2947199AD03700A886D0 /* Release */,
			);
			defaultConfigurationIsVisible = 0;
			defaultConfigurationName = Release;
		};
/* End XCConfigurationList section */
	};
	rootObject = 25FF291E199AD03700A886D0 /* Project object */;
}
