// !$*UTF8*$!
{
	archiveVersion = 1;
	classes = {
	};
	objectVersion = 46;
	objects = {

/* Begin PBXBuildFile section */
		2579A0781A04CF0C006937CC /* main.m in Sources */ = {isa = PBXBuildFile; fileRef = 2579A0771A04CF0C006937CC /* main.m */; };
		2579A07B1A04CF0C006937CC /* AppDelegate.m in Sources */ = {isa = PBXBuildFile; fileRef = 2579A07A1A04CF0C006937CC /* AppDelegate.m */; };
		2579A07E1A04CF0C006937CC /* ViewController.m in Sources */ = {isa = PBXBuildFile; fileRef = 2579A07D1A04CF0C006937CC /* ViewController.m */; };
		2579A0811A04CF0C006937CC /* Main.storyboard in Resources */ = {isa = PBXBuildFile; fileRef = 2579A07F1A04CF0C006937CC /* Main.storyboard */; };
		2579A0831A04CF0C006937CC /* Images.xcassets in Resources */ = {isa = PBXBuildFile; fileRef = 2579A0821A04CF0C006937CC /* Images.xcassets */; };
		2579A0861A04CF0C006937CC /* LaunchScreen.xib in Resources */ = {isa = PBXBuildFile; fileRef = 2579A0841A04CF0C006937CC /* LaunchScreen.xib */; };
		2579A0921A04CF0D006937CC /* DTIActivityIndicatorExemple_objcTests.m in Sources */ = {isa = PBXBuildFile; fileRef = 2579A0911A04CF0D006937CC /* DTIActivityIndicatorExemple_objcTests.m */; };
		2579A0A71A04CFC7006937CC /* DTIActivityIndicator.framework in Copy Frameworks */ = {isa = PBXBuildFile; fileRef = 2579A0A11A04CF62006937CC /* DTIActivityIndicator.framework */; settings = {ATTRIBUTES = (CodeSignOnCopy, RemoveHeadersOnCopy, ); }; };
		2579A0AA1A04D156006937CC /* ContentVc.m in Sources */ = {isa = PBXBuildFile; fileRef = 2579A0A91A04D156006937CC /* ContentVc.m */; };
		2579A0AD1A04D16C006937CC /* UIColor+DTI.m in Sources */ = {isa = PBXBuildFile; fileRef = 2579A0AC1A04D16C006937CC /* UIColor+DTI.m */; };
/* End PBXBuildFile section */

/* Begin PBXContainerItemProxy section */
		2579A08C1A04CF0D006937CC /* PBXContainerItemProxy */ = {
			isa = PBXContainerItemProxy;
			containerPortal = 2579A06A1A04CF0C006937CC /* Project object */;
			proxyType = 1;
			remoteGlobalIDString = 2579A0711A04CF0C006937CC;
			remoteInfo = "DTIActivityIndicatorExemple-objc";
		};
		2579A0A01A04CF62006937CC /* PBXContainerItemProxy */ = {
			isa = PBXContainerItemProxy;
			containerPortal = 2579A09B1A04CF62006937CC /* DTIActivityIndicator.xcodeproj */;
			proxyType = 2;
			remoteGlobalIDString = 25FC0C741A04318500F61053;
			remoteInfo = DTIActivityIndicator;
		};
		2579A0A21A04CF62006937CC /* PBXContainerItemProxy */ = {
			isa = PBXContainerItemProxy;
			containerPortal = 2579A09B1A04CF62006937CC /* DTIActivityIndicator.xcodeproj */;
			proxyType = 2;
			remoteGlobalIDString = 25FC0C7F1A04318500F61053;
			remoteInfo = DTIActivityIndicatorTests;
		};
		2579A0A41A04CF80006937CC /* PBXContainerItemProxy */ = {
			isa = PBXContainerItemProxy;
			containerPortal = 2579A09B1A04CF62006937CC /* DTIActivityIndicator.xcodeproj */;
			proxyType = 1;
			remoteGlobalIDString = 25FC0C731A04318500F61053;
			remoteInfo = DTIActivityIndicator;
		};
/* End PBXContainerItemProxy section */

/* Begin PBXCopyFilesBuildPhase section */
		2579A0A61A04CFA9006937CC /* Copy Frameworks */ = {
			isa = PBXCopyFilesBuildPhase;
			buildActionMask = 2147483647;
			dstPath = "";
			dstSubfolderSpec = 10;
			files = (
				2579A0A71A04CFC7006937CC /* DTIActivityIndicator.framework in Copy Frameworks */,
			);
			name = "Copy Frameworks";
			runOnlyForDeploymentPostprocessing = 0;
		};
/* End PBXCopyFilesBuildPhase section */

/* Begin PBXFileReference section */
		2579A0721A04CF0C006937CC /* DTIActivityIndicatorExemple-objc.app */ = {isa = PBXFileReference; explicitFileType = wrapper.application; includeInIndex = 0; path = "DTIActivityIndicatorExemple-objc.app"; sourceTree = BUILT_PRODUCTS_DIR; };
		2579A0761A04CF0C006937CC /* Info.plist */ = {isa = PBXFileReference; lastKnownFileType = text.plist.xml; path = Info.plist; sourceTree = "<group>"; };
		2579A0771A04CF0C006937CC /* main.m */ = {isa = PBXFileReference; lastKnownFileType = sourcecode.c.objc; path = main.m; sourceTree = "<group>"; };
		2579A0791A04CF0C006937CC /* AppDelegate.h */ = {isa = PBXFileReference; lastKnownFileType = sourcecode.c.h; path = AppDelegate.h; sourceTree = "<group>"; };
		2579A07A1A04CF0C006937CC /* AppDelegate.m */ = {isa = PBXFileReference; lastKnownFileType = sourcecode.c.objc; path = AppDelegate.m; sourceTree = "<group>"; };
		2579A07C1A04CF0C006937CC /* ViewController.h */ = {isa = PBXFileReference; lastKnownFileType = sourcecode.c.h; path = ViewController.h; sourceTree = "<group>"; };
		2579A07D1A04CF0C006937CC /* ViewController.m */ = {isa = PBXFileReference; lastKnownFileType = sourcecode.c.objc; path = ViewController.m; sourceTree = "<group>"; };
		2579A0801A04CF0C006937CC /* Base */ = {isa = PBXFileReference; lastKnownFileType = file.storyboard; name = Base; path = Base.lproj/Main.storyboard; sourceTree = "<group>"; };
		2579A0821A04CF0C006937CC /* Images.xcassets */ = {isa = PBXFileReference; lastKnownFileType = folder.assetcatalog; path = Images.xcassets; sourceTree = "<group>"; };
		2579A0851A04CF0C006937CC /* Base */ = {isa = PBXFileReference; lastKnownFileType = file.xib; name = Base; path = Base.lproj/LaunchScreen.xib; sourceTree = "<group>"; };
		2579A08B1A04CF0D006937CC /* DTIActivityIndicatorExemple-objcTests.xctest */ = {isa = PBXFileReference; explicitFileType = wrapper.cfbundle; includeInIndex = 0; path = "DTIActivityIndicatorExemple-objcTests.xctest"; sourceTree = BUILT_PRODUCTS_DIR; };
		2579A0901A04CF0D006937CC /* Info.plist */ = {isa = PBXFileReference; lastKnownFileType = text.plist.xml; path = Info.plist; sourceTree = "<group>"; };
		2579A0911A04CF0D006937CC /* DTIActivityIndicatorExemple_objcTests.m */ = {isa = PBXFileReference; lastKnownFileType = sourcecode.c.objc; path = DTIActivityIndicatorExemple_objcTests.m; sourceTree = "<group>"; };
		2579A09B1A04CF62006937CC /* DTIActivityIndicator.xcodeproj */ = {isa = PBXFileReference; lastKnownFileType = "wrapper.pb-project"; name = DTIActivityIndicator.xcodeproj; path = ../DTIActivityIndicator.xcodeproj; sourceTree = "<group>"; };
		2579A0A81A04D156006937CC /* ContentVc.h */ = {isa = PBXFileReference; fileEncoding = 4; lastKnownFileType = sourcecode.c.h; path = ContentVc.h; sourceTree = "<group>"; };
		2579A0A91A04D156006937CC /* ContentVc.m */ = {isa = PBXFileReference; fileEncoding = 4; lastKnownFileType = sourcecode.c.objc; path = ContentVc.m; sourceTree = "<group>"; };
		2579A0AB1A04D16C006937CC /* UIColor+DTI.h */ = {isa = PBXFileReference; fileEncoding = 4; lastKnownFileType = sourcecode.c.h; path = "UIColor+DTI.h"; sourceTree = "<group>"; };
		2579A0AC1A04D16C006937CC /* UIColor+DTI.m */ = {isa = PBXFileReference; fileEncoding = 4; lastKnownFileType = sourcecode.c.objc; path = "UIColor+DTI.m"; sourceTree = "<group>"; };
/* End PBXFileReference section */

/* Begin PBXFrameworksBuildPhase section */
		2579A06F1A04CF0C006937CC /* Frameworks */ = {
			isa = PBXFrameworksBuildPhase;
			buildActionMask = 2147483647;
			files = (
			);
			runOnlyForDeploymentPostprocessing = 0;
		};
		2579A0881A04CF0D006937CC /* Frameworks */ = {
			isa = PBXFrameworksBuildPhase;
			buildActionMask = 2147483647;
			files = (
			);
			runOnlyForDeploymentPostprocessing = 0;
		};
/* End PBXFrameworksBuildPhase section */

/* Begin PBXGroup section */
		2579A0691A04CF0C006937CC = {
			isa = PBXGroup;
			children = (
				2579A09B1A04CF62006937CC /* DTIActivityIndicator.xcodeproj */,
				2579A0741A04CF0C006937CC /* DTIActivityIndicatorExemple-objc */,
				2579A08E1A04CF0D006937CC /* DTIActivityIndicatorExemple-objcTests */,
				2579A0731A04CF0C006937CC /* Products */,
			);
			sourceTree = "<group>";
		};
		2579A0731A04CF0C006937CC /* Products */ = {
			isa = PBXGroup;
			children = (
				2579A0721A04CF0C006937CC /* DTIActivityIndicatorExemple-objc.app */,
				2579A08B1A04CF0D006937CC /* DTIActivityIndicatorExemple-objcTests.xctest */,
			);
			name = Products;
			sourceTree = "<group>";
		};
		2579A0741A04CF0C006937CC /* DTIActivityIndicatorExemple-objc */ = {
			isa = PBXGroup;
			children = (
				2579A0791A04CF0C006937CC /* AppDelegate.h */,
				2579A07A1A04CF0C006937CC /* AppDelegate.m */,
				2579A0A81A04D156006937CC /* ContentVc.h */,
				2579A0A91A04D156006937CC /* ContentVc.m */,
				2579A07C1A04CF0C006937CC /* ViewController.h */,
				2579A07D1A04CF0C006937CC /* ViewController.m */,
				2579A0AB1A04D16C006937CC /* UIColor+DTI.h */,
				2579A0AC1A04D16C006937CC /* UIColor+DTI.m */,
				2579A07F1A04CF0C006937CC /* Main.storyboard */,
				2579A0821A04CF0C006937CC /* Images.xcassets */,
				2579A0841A04CF0C006937CC /* LaunchScreen.xib */,
				2579A0751A04CF0C006937CC /* Supporting Files */,
			);
			path = "DTIActivityIndicatorExemple-objc";
			sourceTree = "<group>";
		};
		2579A0751A04CF0C006937CC /* Supporting Files */ = {
			isa = PBXGroup;
			children = (
				2579A0761A04CF0C006937CC /* Info.plist */,
				2579A0771A04CF0C006937CC /* main.m */,
			);
			name = "Supporting Files";
			sourceTree = "<group>";
		};
		2579A08E1A04CF0D006937CC /* DTIActivityIndicatorExemple-objcTests */ = {
			isa = PBXGroup;
			children = (
				2579A0911A04CF0D006937CC /* DTIActivityIndicatorExemple_objcTests.m */,
				2579A08F1A04CF0D006937CC /* Supporting Files */,
			);
			path = "DTIActivityIndicatorExemple-objcTests";
			sourceTree = "<group>";
		};
		2579A08F1A04CF0D006937CC /* Supporting Files */ = {
			isa = PBXGroup;
			children = (
				2579A0901A04CF0D006937CC /* Info.plist */,
			);
			name = "Supporting Files";
			sourceTree = "<group>";
		};
		2579A09C1A04CF62006937CC /* Products */ = {
			isa = PBXGroup;
			children = (
				2579A0A11A04CF62006937CC /* DTIActivityIndicator.framework */,
				2579A0A31A04CF62006937CC /* DTIActivityIndicatorTests.xctest */,
			);
			name = Products;
			sourceTree = "<group>";
		};
/* End PBXGroup section */

/* Begin PBXNativeTarget section */
		2579A0711A04CF0C006937CC /* DTIActivityIndicatorExemple-objc */ = {
			isa = PBXNativeTarget;
			buildConfigurationList = 2579A0951A04CF0D006937CC /* Build configuration list for PBXNativeTarget "DTIActivityIndicatorExemple-objc" */;
			buildPhases = (
				2579A06E1A04CF0C006937CC /* Sources */,
				2579A06F1A04CF0C006937CC /* Frameworks */,
				2579A0701A04CF0C006937CC /* Resources */,
				2579A0A61A04CFA9006937CC /* Copy Frameworks */,
			);
			buildRules = (
			);
			dependencies = (
				2579A0A51A04CF80006937CC /* PBXTargetDependency */,
			);
			name = "DTIActivityIndicatorExemple-objc";
			productName = "DTIActivityIndicatorExemple-objc";
			productReference = 2579A0721A04CF0C006937CC /* DTIActivityIndicatorExemple-objc.app */;
			productType = "com.apple.product-type.application";
		};
		2579A08A1A04CF0D006937CC /* DTIActivityIndicatorExemple-objcTests */ = {
			isa = PBXNativeTarget;
			buildConfigurationList = 2579A0981A04CF0D006937CC /* Build configuration list for PBXNativeTarget "DTIActivityIndicatorExemple-objcTests" */;
			buildPhases = (
				2579A0871A04CF0D006937CC /* Sources */,
				2579A0881A04CF0D006937CC /* Frameworks */,
				2579A0891A04CF0D006937CC /* Resources */,
			);
			buildRules = (
			);
			dependencies = (
				2579A08D1A04CF0D006937CC /* PBXTargetDependency */,
			);
			name = "DTIActivityIndicatorExemple-objcTests";
			productName = "DTIActivityIndicatorExemple-objcTests";
			productReference = 2579A08B1A04CF0D006937CC /* DTIActivityIndicatorExemple-objcTests.xctest */;
			productType = "com.apple.product-type.bundle.unit-test";
		};
/* End PBXNativeTarget section */

/* Begin PBXProject section */
		2579A06A1A04CF0C006937CC /* Project object */ = {
			isa = PBXProject;
			attributes = {
				LastUpgradeCheck = 0610;
				ORGANIZATIONNAME = dtissera;
				TargetAttributes = {
					2579A0711A04CF0C006937CC = {
						CreatedOnToolsVersion = 6.1;
					};
					2579A08A1A04CF0D006937CC = {
						CreatedOnToolsVersion = 6.1;
						TestTargetID = 2579A0711A04CF0C006937CC;
					};
				};
			};
			buildConfigurationList = 2579A06D1A04CF0C006937CC /* Build configuration list for PBXProject "DTIActivityIndicatorExemple-objc" */;
			compatibilityVersion = "Xcode 3.2";
			developmentRegion = English;
			hasScannedForEncodings = 0;
			knownRegions = (
				en,
				Base,
			);
			mainGroup = 2579A0691A04CF0C006937CC;
			productRefGroup = 2579A0731A04CF0C006937CC /* Products */;
			projectDirPath = "";
			projectReferences = (
				{
					ProductGroup = 2579A09C1A04CF62006937CC /* Products */;
					ProjectRef = 2579A09B1A04CF62006937CC /* DTIActivityIndicator.xcodeproj */;
				},
			);
			projectRoot = "";
			targets = (
				2579A0711A04CF0C006937CC /* DTIActivityIndicatorExemple-objc */,
				2579A08A1A04CF0D006937CC /* DTIActivityIndicatorExemple-objcTests */,
			);
		};
/* End PBXProject section */

/* Begin PBXReferenceProxy section */
		2579A0A11A04CF62006937CC /* DTIActivityIndicator.framework */ = {
			isa = PBXReferenceProxy;
			fileType = wrapper.framework;
			path = DTIActivityIndicator.framework;
			remoteRef = 2579A0A01A04CF62006937CC /* PBXContainerItemProxy */;
			sourceTree = BUILT_PRODUCTS_DIR;
		};
		2579A0A31A04CF62006937CC /* DTIActivityIndicatorTests.xctest */ = {
			isa = PBXReferenceProxy;
			fileType = wrapper.cfbundle;
			path = DTIActivityIndicatorTests.xctest;
			remoteRef = 2579A0A21A04CF62006937CC /* PBXContainerItemProxy */;
			sourceTree = BUILT_PRODUCTS_DIR;
		};
/* End PBXReferenceProxy section */

/* Begin PBXResourcesBuildPhase section */
		2579A0701A04CF0C006937CC /* Resources */ = {
			isa = PBXResourcesBuildPhase;
			buildActionMask = 2147483647;
			files = (
				2579A0811A04CF0C006937CC /* Main.storyboard in Resources */,
				2579A0861A04CF0C006937CC /* LaunchScreen.xib in Resources */,
				2579A0831A04CF0C006937CC /* Images.xcassets in Resources */,
			);
			runOnlyForDeploymentPostprocessing = 0;
		};
		2579A0891A04CF0D006937CC /* Resources */ = {
			isa = PBXResourcesBuildPhase;
			buildActionMask = 2147483647;
			files = (
			);
			runOnlyForDeploymentPostprocessing = 0;
		};
/* End PBXResourcesBuildPhase section */

/* Begin PBXSourcesBuildPhase section */
		2579A06E1A04CF0C006937CC /* Sources */ = {
			isa = PBXSourcesBuildPhase;
			buildActionMask = 2147483647;
			files = (
				2579A07E1A04CF0C006937CC /* ViewController.m in Sources */,
				2579A07B1A04CF0C006937CC /* AppDelegate.m in Sources */,
				2579A0AD1A04D16C006937CC /* UIColor+DTI.m in Sources */,
				2579A0AA1A04D156006937CC /* ContentVc.m in Sources */,
				2579A0781A04CF0C006937CC /* main.m in Sources */,
			);
			runOnlyForDeploymentPostprocessing = 0;
		};
		2579A0871A04CF0D006937CC /* Sources */ = {
			isa = PBXSourcesBuildPhase;
			buildActionMask = 2147483647;
			files = (
				2579A0921A04CF0D006937CC /* DTIActivityIndicatorExemple_objcTests.m in Sources */,
			);
			runOnlyForDeploymentPostprocessing = 0;
		};
/* End PBXSourcesBuildPhase section */

/* Begin PBXTargetDependency section */
		2579A08D1A04CF0D006937CC /* PBXTargetDependency */ = {
			isa = PBXTargetDependency;
			target = 2579A0711A04CF0C006937CC /* DTIActivityIndicatorExemple-objc */;
			targetProxy = 2579A08C1A04CF0D006937CC /* PBXContainerItemProxy */;
		};
		2579A0A51A04CF80006937CC /* PBXTargetDependency */ = {
			isa = PBXTargetDependency;
			name = DTIActivityIndicator;
			targetProxy = 2579A0A41A04CF80006937CC /* PBXContainerItemProxy */;
		};
/* End PBXTargetDependency section */

/* Begin PBXVariantGroup section */
		2579A07F1A04CF0C006937CC /* Main.storyboard */ = {
			isa = PBXVariantGroup;
			children = (
				2579A0801A04CF0C006937CC /* Base */,
			);
			name = Main.storyboard;
			sourceTree = "<group>";
		};
		2579A0841A04CF0C006937CC /* LaunchScreen.xib */ = {
			isa = PBXVariantGroup;
			children = (
				2579A0851A04CF0C006937CC /* Base */,
			);
			name = LaunchScreen.xib;
			sourceTree = "<group>";
		};
/* End PBXVariantGroup section */

/* Begin XCBuildConfiguration section */
		2579A0931A04CF0D006937CC /* Debug */ = {
			isa = XCBuildConfiguration;
			buildSettings = {
				ALWAYS_SEARCH_USER_PATHS = NO;
				CLANG_CXX_LANGUAGE_STANDARD = "gnu++0x";
				CLANG_CXX_LIBRARY = "libc++";
				CLANG_ENABLE_MODULES = YES;
				CLANG_ENABLE_OBJC_ARC = YES;
				CLANG_WARN_BOOL_CONVERSION = YES;
				CLANG_WARN_CONSTANT_CONVERSION = YES;
				CLANG_WARN_DIRECT_OBJC_ISA_USAGE = YES_ERROR;
				CLANG_WARN_EMPTY_BODY = YES;
				CLANG_WARN_ENUM_CONVERSION = YES;
				CLANG_WARN_INT_CONVERSION = YES;
				CLANG_WARN_OBJC_ROOT_CLASS = YES_ERROR;
				CLANG_WARN_UNREACHABLE_CODE = YES;
				CLANG_WARN__DUPLICATE_METHOD_MATCH = YES;
				"CODE_SIGN_IDENTITY[sdk=iphoneos*]" = "iPhone Developer";
				COPY_PHASE_STRIP = NO;
				EMBEDDED_CONTENT_CONTAINS_SWIFT = YES;
				ENABLE_STRICT_OBJC_MSGSEND = YES;
				GCC_C_LANGUAGE_STANDARD = gnu99;
				GCC_DYNAMIC_NO_PIC = NO;
				GCC_OPTIMIZATION_LEVEL = 0;
				GCC_PREPROCESSOR_DEFINITIONS = (
					"DEBUG=1",
					"$(inherited)",
				);
				GCC_SYMBOLS_PRIVATE_EXTERN = NO;
				GCC_WARN_64_TO_32_BIT_CONVERSION = YES;
				GCC_WARN_ABOUT_RETURN_TYPE = YES_ERROR;
				GCC_WARN_UNDECLARED_SELECTOR = YES;
				GCC_WARN_UNINITIALIZED_AUTOS = YES_AGGRESSIVE;
				GCC_WARN_UNUSED_FUNCTION = YES;
				GCC_WARN_UNUSED_VARIABLE = YES;
				IPHONEOS_DEPLOYMENT_TARGET = 8.1;
				MTL_ENABLE_DEBUG_INFO = YES;
				ONLY_ACTIVE_ARCH = YES;
				SDKROOT = iphoneos;
			};
			name = Debug;
		};
		2579A0941A04CF0D006937CC /* Release */ = {
			isa = XCBuildConfiguration;
			buildSettings = {
				ALWAYS_SEARCH_USER_PATHS = NO;
				CLANG_CXX_LANGUAGE_STANDARD = "gnu++0x";
				CLANG_CXX_LIBRARY = "libc++";
				CLANG_ENABLE_MODULES = YES;
				CLANG_ENABLE_OBJC_ARC = YES;
				CLANG_WARN_BOOL_CONVERSION = YES;
				CLANG_WARN_CONSTANT_CONVERSION = YES;
				CLANG_WARN_DIRECT_OBJC_ISA_USAGE = YES_ERROR;
				CLANG_WARN_EMPTY_BODY = YES;
				CLANG_WARN_ENUM_CONVERSION = YES;
				CLANG_WARN_INT_CONVERSION = YES;
				CLANG_WARN_OBJC_ROOT_CLASS = YES_ERROR;
				CLANG_WARN_UNREACHABLE_CODE = YES;
				CLANG_WARN__DUPLICATE_METHOD_MATCH = YES;
				"CODE_SIGN_IDENTITY[sdk=iphoneos*]" = "iPhone Developer";
				COPY_PHASE_STRIP = YES;
				EMBEDDED_CONTENT_CONTAINS_SWIFT = YES;
				ENABLE_NS_ASSERTIONS = NO;
				ENABLE_STRICT_OBJC_MSGSEND = YES;
				GCC_C_LANGUAGE_STANDARD = gnu99;
				GCC_WARN_64_TO_32_BIT_CONVERSION = YES;
				GCC_WARN_ABOUT_RETURN_TYPE = YES_ERROR;
				GCC_WARN_UNDECLARED_SELECTOR = YES;
				GCC_WARN_UNINITIALIZED_AUTOS = YES_AGGRESSIVE;
				GCC_WARN_UNUSED_FUNCTION = YES;
				GCC_WARN_UNUSED_VARIABLE = YES;
				IPHONEOS_DEPLOYMENT_TARGET = 8.1;
				MTL_ENABLE_DEBUG_INFO = NO;
				SDKROOT = iphoneos;
				VALIDATE_PRODUCT = YES;
			};
			name = Release;
		};
		2579A0961A04CF0D006937CC /* Debug */ = {
			isa = XCBuildConfiguration;
			buildSettings = {
				ASSETCATALOG_COMPILER_APPICON_NAME = AppIcon;
				INFOPLIST_FILE = "DTIActivityIndicatorExemple-objc/Info.plist";
				LD_RUNPATH_SEARCH_PATHS = "$(inherited) @executable_path/Frameworks";
				PRODUCT_NAME = "$(TARGET_NAME)";
			};
			name = Debug;
		};
		2579A0971A04CF0D006937CC /* Release */ = {
			isa = XCBuildConfiguration;
			buildSettings = {
				ASSETCATALOG_COMPILER_APPICON_NAME = AppIcon;
				INFOPLIST_FILE = "DTIActivityIndicatorExemple-objc/Info.plist";
				LD_RUNPATH_SEARCH_PATHS = "$(inherited) @executable_path/Frameworks";
				PRODUCT_NAME = "$(TARGET_NAME)";
			};
			name = Release;
		};
		2579A0991A04CF0D006937CC /* Debug */ = {
			isa = XCBuildConfiguration;
			buildSettings = {
				BUNDLE_LOADER = "$(TEST_HOST)";
				FRAMEWORK_SEARCH_PATHS = (
					"$(SDKROOT)/Developer/Library/Frameworks",
					"$(inherited)",
				);
				GCC_PREPROCESSOR_DEFINITIONS = (
					"DEBUG=1",
					"$(inherited)",
				);
				INFOPLIST_FILE = "DTIActivityIndicatorExemple-objcTests/Info.plist";
				LD_RUNPATH_SEARCH_PATHS = "$(inherited) @executable_path/Frameworks @loader_path/Frameworks";
				PRODUCT_NAME = "$(TARGET_NAME)";
				TEST_HOST = "$(BUILT_PRODUCTS_DIR)/DTIActivityIndicatorExemple-objc.app/DTIActivityIndicatorExemple-objc";
			};
			name = Debug;
		};
		2579A09A1A04CF0D006937CC /* Release */ = {
			isa = XCBuildConfiguration;
			buildSettings = {
				BUNDLE_LOADER = "$(TEST_HOST)";
				FRAMEWORK_SEARCH_PATHS = (
					"$(SDKROOT)/Developer/Library/Frameworks",
					"$(inherited)",
				);
				INFOPLIST_FILE = "DTIActivityIndicatorExemple-objcTests/Info.plist";
				LD_RUNPATH_SEARCH_PATHS = "$(inherited) @executable_path/Frameworks @loader_path/Frameworks";
				PRODUCT_NAME = "$(TARGET_NAME)";
				TEST_HOST = "$(BUILT_PRODUCTS_DIR)/DTIActivityIndicatorExemple-objc.app/DTIActivityIndicatorExemple-objc";
			};
			name = Release;
		};
/* End XCBuildConfiguration section */

/* Begin XCConfigurationList section */
		2579A06D1A04CF0C006937CC /* Build configuration list for PBXProject "DTIActivityIndicatorExemple-objc" */ = {
			isa = XCConfigurationList;
			buildConfigurations = (
				2579A0931A04CF0D006937CC /* Debug */,
				2579A0941A04CF0D006937CC /* Release */,
			);
			defaultConfigurationIsVisible = 0;
			defaultConfigurationName = Release;
		};
		2579A0951A04CF0D006937CC /* Build configuration list for PBXNativeTarget "DTIActivityIndicatorExemple-objc" */ = {
			isa = XCConfigurationList;
			buildConfigurations = (
				2579A0961A04CF0D006937CC /* Debug */,
				2579A0971A04CF0D006937CC /* Release */,
			);
			defaultConfigurationIsVisible = 0;
			defaultConfigurationName = Release;
		};
		2579A0981A04CF0D006937CC /* Build configuration list for PBXNativeTarget "DTIActivityIndicatorExemple-objcTests" */ = {
			isa = XCConfigurationList;
			buildConfigurations = (
				2579A0991A04CF0D006937CC /* Debug */,
				2579A09A1A04CF0D006937CC /* Release */,
			);
			defaultConfigurationIsVisible = 0;
			defaultConfigurationName = Release;
		};
/* End XCConfigurationList section */
	};
	rootObject = 2579A06A1A04CF0C006937CC /* Project object */;
}
